// !$*UTF8*$!
{
	archiveVersion = 1;
	classes = {
	};
	objectVersion = 77;
	objects = {

/* Begin PBXBuildFile section */
		2F9FF8A22DB7483A00D5B0CC /* FirebaseCore in Frameworks */ = {isa = PBXBuildFile; productRef = 2F9FF8A12DB7483A00D5B0CC /* FirebaseCore */; };
		2F9FF8A42DB748A900D5B0CC /* FirebaseAuth in Frameworks */ = {isa = PBXBuildFile; productRef = 2F9FF8A32DB748A900D5B0CC /* FirebaseAuth */; };
		2F9FF8A62DB748A900D5B0CC /* FirebaseDatabase in Frameworks */ = {isa = PBXBuildFile; productRef = 2F9FF8A52DB748A900D5B0CC /* FirebaseDatabase */; };
		2F9FF8A82DB748BD00D5B0CC /* FirebaseRemoteConfig in Frameworks */ = {isa = PBXBuildFile; productRef = 2F9FF8A72DB748BD00D5B0CC /* FirebaseRemoteConfig */; };
		2FBBE72A2DB75FBA00963477 /* GoogleMobileAds in Frameworks */ = {isa = PBXBuildFile; productRef = 2FBBE7292DB75FBA00963477 /* GoogleMobileAds */; };
		2FC439DA2DBA0AA000FF0337 /* StoreKit.framework in Frameworks */ = {isa = PBXBuildFile; fileRef = 2FC439D92DBA0AA000FF0337 /* StoreKit.framework */; };
/* End PBXBuildFile section */

/* Begin PBXContainerItemProxy section */
		2F9FF8202DB7424600D5B0CC /* PBXContainerItemProxy */ = {
			isa = PBXContainerItemProxy;
			containerPortal = 2F9FF8072DB7424400D5B0CC /* Project object */;
			proxyType = 1;
			remoteGlobalIDString = 2F9FF80E2DB7424400D5B0CC;
			remoteInfo = SIGAI;
		};
		2F9FF82A2DB7424600D5B0CC /* PBXContainerItemProxy */ = {
			isa = PBXContainerItemProxy;
			containerPortal = 2F9FF8072DB7424400D5B0CC /* Project object */;
			proxyType = 1;
			remoteGlobalIDString = 2F9FF80E2DB7424400D5B0CC;
			remoteInfo = SIGAI;
		};
/* End PBXContainerItemProxy section */

/* Begin PBXFileReference section */
		2F9FF80F2DB7424400D5B0CC /* SIGAI.app */ = {isa = PBXFileReference; explicitFileType = wrapper.application; includeInIndex = 0; path = SIGAI.app; sourceTree = BUILT_PRODUCTS_DIR; };
		2F9FF81F2DB7424600D5B0CC /* SIGAITests.xctest */ = {isa = PBXFileReference; explicitFileType = wrapper.cfbundle; includeInIndex = 0; path = SIGAITests.xctest; sourceTree = BUILT_PRODUCTS_DIR; };
		2F9FF8292DB7424600D5B0CC /* SIGAIUITests.xctest */ = {isa = PBXFileReference; explicitFileType = wrapper.cfbundle; includeInIndex = 0; path = SIGAIUITests.xctest; sourceTree = BUILT_PRODUCTS_DIR; };
		2FC439D92DBA0AA000FF0337 /* StoreKit.framework */ = {isa = PBXFileReference; lastKnownFileType = wrapper.framework; name = StoreKit.framework; path = System/Library/Frameworks/StoreKit.framework; sourceTree = SDKROOT; };
/* End PBXFileReference section */

/* Begin PBXFileSystemSynchronizedBuildFileExceptionSet section */
		2FBBE72C2DB763AB00963477 /* Exceptions for "SIGAI" folder in "SIGAI" target */ = {
			isa = PBXFileSystemSynchronizedBuildFileExceptionSet;
			membershipExceptions = (
				Info.plist,
			);
			target = 2F9FF80E2DB7424400D5B0CC /* SIGAI */;
		};
/* End PBXFileSystemSynchronizedBuildFileExceptionSet section */

/* Begin PBXFileSystemSynchronizedRootGroup section */
		2F9FF8112DB7424400D5B0CC /* SIGAI */ = {
			isa = PBXFileSystemSynchronizedRootGroup;
			exceptions = (
				2FBBE72C2DB763AB00963477 /* Exceptions for "SIGAI" folder in "SIGAI" target */,
			);
			path = SIGAI;
			sourceTree = "<group>";
		};
		2F9FF8222DB7424600D5B0CC /* SIGAITests */ = {
			isa = PBXFileSystemSynchronizedRootGroup;
			path = SIGAITests;
			sourceTree = "<group>";
		};
		2F9FF82C2DB7424600D5B0CC /* SIGAIUITests */ = {
			isa = PBXFileSystemSynchronizedRootGroup;
			path = SIGAIUITests;
			sourceTree = "<group>";
		};
/* End PBXFileSystemSynchronizedRootGroup section */

/* Begin PBXFrameworksBuildPhase section */
		2F9FF80C2DB7424400D5B0CC /* Frameworks */ = {
			isa = PBXFrameworksBuildPhase;
			buildActionMask = 2147483647;
			files = (
				2F9FF8A62DB748A900D5B0CC /* FirebaseDatabase in Frameworks */,
				2F9FF8A22DB7483A00D5B0CC /* FirebaseCore in Frameworks */,
				2FBBE72A2DB75FBA00963477 /* GoogleMobileAds in Frameworks */,
				2FC439DA2DBA0AA000FF0337 /* StoreKit.framework in Frameworks */,
				2F9FF8A42DB748A900D5B0CC /* FirebaseAuth in Frameworks */,
				2F9FF8A82DB748BD00D5B0CC /* FirebaseRemoteConfig in Frameworks */,
			);
			runOnlyForDeploymentPostprocessing = 0;
		};
		2F9FF81C2DB7424600D5B0CC /* Frameworks */ = {
			isa = PBXFrameworksBuildPhase;
			buildActionMask = 2147483647;
			files = (
			);
			runOnlyForDeploymentPostprocessing = 0;
		};
		2F9FF8262DB7424600D5B0CC /* Frameworks */ = {
			isa = PBXFrameworksBuildPhase;
			buildActionMask = 2147483647;
			files = (
			);
			runOnlyForDeploymentPostprocessing = 0;
		};
/* End PBXFrameworksBuildPhase section */

/* Begin PBXGroup section */
		2F9FF8062DB7424400D5B0CC = {
			isa = PBXGroup;
			children = (
				2F9FF8112DB7424400D5B0CC /* SIGAI */,
				2F9FF8222DB7424600D5B0CC /* SIGAITests */,
				2F9FF82C2DB7424600D5B0CC /* SIGAIUITests */,
				2FC439D82DBA0AA000FF0337 /* Frameworks */,
				2F9FF8102DB7424400D5B0CC /* Products */,
			);
			sourceTree = "<group>";
		};
		2F9FF8102DB7424400D5B0CC /* Products */ = {
			isa = PBXGroup;
			children = (
				2F9FF80F2DB7424400D5B0CC /* SIGAI.app */,
				2F9FF81F2DB7424600D5B0CC /* SIGAITests.xctest */,
				2F9FF8292DB7424600D5B0CC /* SIGAIUITests.xctest */,
			);
			name = Products;
			sourceTree = "<group>";
		};
		2FC439D82DBA0AA000FF0337 /* Frameworks */ = {
			isa = PBXGroup;
			children = (
				2FC439D92DBA0AA000FF0337 /* StoreKit.framework */,
			);
			name = Frameworks;
			sourceTree = "<group>";
		};
/* End PBXGroup section */

/* Begin PBXNativeTarget section */
		2F9FF80E2DB7424400D5B0CC /* SIGAI */ = {
			isa = PBXNativeTarget;
			buildConfigurationList = 2F9FF8332DB7424600D5B0CC /* Build configuration list for PBXNativeTarget "SIGAI" */;
			buildPhases = (
				2F9FF80B2DB7424400D5B0CC /* Sources */,
				2F9FF80C2DB7424400D5B0CC /* Frameworks */,
				2F9FF80D2DB7424400D5B0CC /* Resources */,
			);
			buildRules = (
			);
			dependencies = (
			);
			fileSystemSynchronizedGroups = (
				2F9FF8112DB7424400D5B0CC /* SIGAI */,
			);
			name = SIGAI;
			packageProductDependencies = (
				2F9FF8A12DB7483A00D5B0CC /* FirebaseCore */,
				2F9FF8A32DB748A900D5B0CC /* FirebaseAuth */,
				2F9FF8A52DB748A900D5B0CC /* FirebaseDatabase */,
				2F9FF8A72DB748BD00D5B0CC /* FirebaseRemoteConfig */,
				2FBBE7292DB75FBA00963477 /* GoogleMobileAds */,
			);
			productName = SIGAI;
			productReference = 2F9FF80F2DB7424400D5B0CC /* SIGAI.app */;
			productType = "com.apple.product-type.application";
		};
		2F9FF81E2DB7424600D5B0CC /* SIGAITests */ = {
			isa = PBXNativeTarget;
			buildConfigurationList = 2F9FF8362DB7424600D5B0CC /* Build configuration list for PBXNativeTarget "SIGAITests" */;
			buildPhases = (
				2F9FF81B2DB7424600D5B0CC /* Sources */,
				2F9FF81C2DB7424600D5B0CC /* Frameworks */,
				2F9FF81D2DB7424600D5B0CC /* Resources */,
			);
			buildRules = (
			);
			dependencies = (
				2F9FF8212DB7424600D5B0CC /* PBXTargetDependency */,
			);
			fileSystemSynchronizedGroups = (
				2F9FF8222DB7424600D5B0CC /* SIGAITests */,
			);
			name = SIGAITests;
			packageProductDependencies = (
			);
			productName = SIGAITests;
			productReference = 2F9FF81F2DB7424600D5B0CC /* SIGAITests.xctest */;
			productType = "com.apple.product-type.bundle.unit-test";
		};
		2F9FF8282DB7424600D5B0CC /* SIGAIUITests */ = {
			isa = PBXNativeTarget;
			buildConfigurationList = 2F9FF8392DB7424600D5B0CC /* Build configuration list for PBXNativeTarget "SIGAIUITests" */;
			buildPhases = (
				2F9FF8252DB7424600D5B0CC /* Sources */,
				2F9FF8262DB7424600D5B0CC /* Frameworks */,
				2F9FF8272DB7424600D5B0CC /* Resources */,
			);
			buildRules = (
			);
			dependencies = (
				2F9FF82B2DB7424600D5B0CC /* PBXTargetDependency */,
			);
			fileSystemSynchronizedGroups = (
				2F9FF82C2DB7424600D5B0CC /* SIGAIUITests */,
			);
			name = SIGAIUITests;
			packageProductDependencies = (
			);
			productName = SIGAIUITests;
			productReference = 2F9FF8292DB7424600D5B0CC /* SIGAIUITests.xctest */;
			productType = "com.apple.product-type.bundle.ui-testing";
		};
/* End PBXNativeTarget section */

/* Begin PBXProject section */
		2F9FF8072DB7424400D5B0CC /* Project object */ = {
			isa = PBXProject;
			attributes = {
				BuildIndependentTargetsInParallel = 1;
				LastSwiftUpdateCheck = 1620;
				LastUpgradeCheck = 1620;
				TargetAttributes = {
					2F9FF80E2DB7424400D5B0CC = {
						CreatedOnToolsVersion = 16.2;
					};
					2F9FF81E2DB7424600D5B0CC = {
						CreatedOnToolsVersion = 16.2;
						TestTargetID = 2F9FF80E2DB7424400D5B0CC;
					};
					2F9FF8282DB7424600D5B0CC = {
						CreatedOnToolsVersion = 16.2;
						TestTargetID = 2F9FF80E2DB7424400D5B0CC;
					};
				};
			};
			buildConfigurationList = 2F9FF80A2DB7424400D5B0CC /* Build configuration list for PBXProject "SIGAI" */;
			developmentRegion = en;
			hasScannedForEncodings = 0;
			knownRegions = (
				en,
				Base,
			);
			mainGroup = 2F9FF8062DB7424400D5B0CC;
			minimizedProjectReferenceProxies = 1;
			packageReferences = (
				2F9FF8942DB7476700D5B0CC /* XCRemoteSwiftPackageReference "firebase-ios-sdk" */,
				2FBBE7282DB75FBA00963477 /* XCRemoteSwiftPackageReference "swift-package-manager-google-mobile-ads" */,
			);
			preferredProjectObjectVersion = 77;
			productRefGroup = 2F9FF8102DB7424400D5B0CC /* Products */;
			projectDirPath = "";
			projectRoot = "";
			targets = (
				2F9FF80E2DB7424400D5B0CC /* SIGAI */,
				2F9FF81E2DB7424600D5B0CC /* SIGAITests */,
				2F9FF8282DB7424600D5B0CC /* SIGAIUITests */,
			);
		};
/* End PBXProject section */

/* Begin PBXResourcesBuildPhase section */
		2F9FF80D2DB7424400D5B0CC /* Resources */ = {
			isa = PBXResourcesBuildPhase;
			buildActionMask = 2147483647;
			files = (
			);
			runOnlyForDeploymentPostprocessing = 0;
		};
		2F9FF81D2DB7424600D5B0CC /* Resources */ = {
			isa = PBXResourcesBuildPhase;
			buildActionMask = 2147483647;
			files = (
			);
			runOnlyForDeploymentPostprocessing = 0;
		};
		2F9FF8272DB7424600D5B0CC /* Resources */ = {
			isa = PBXResourcesBuildPhase;
			buildActionMask = 2147483647;
			files = (
			);
			runOnlyForDeploymentPostprocessing = 0;
		};
/* End PBXResourcesBuildPhase section */

/* Begin PBXSourcesBuildPhase section */
		2F9FF80B2DB7424400D5B0CC /* Sources */ = {
			isa = PBXSourcesBuildPhase;
			buildActionMask = 2147483647;
			files = (
			);
			runOnlyForDeploymentPostprocessing = 0;
		};
		2F9FF81B2DB7424600D5B0CC /* Sources */ = {
			isa = PBXSourcesBuildPhase;
			buildActionMask = 2147483647;
			files = (
			);
			runOnlyForDeploymentPostprocessing = 0;
		};
		2F9FF8252DB7424600D5B0CC /* Sources */ = {
			isa = PBXSourcesBuildPhase;
			buildActionMask = 2147483647;
			files = (
			);
			runOnlyForDeploymentPostprocessing = 0;
		};
/* End PBXSourcesBuildPhase section */

/* Begin PBXTargetDependency section */
		2F9FF8212DB7424600D5B0CC /* PBXTargetDependency */ = {
			isa = PBXTargetDependency;
			target = 2F9FF80E2DB7424400D5B0CC /* SIGAI */;
			targetProxy = 2F9FF8202DB7424600D5B0CC /* PBXContainerItemProxy */;
		};
		2F9FF82B2DB7424600D5B0CC /* PBXTargetDependency */ = {
			isa = PBXTargetDependency;
			target = 2F9FF80E2DB7424400D5B0CC /* SIGAI */;
			targetProxy = 2F9FF82A2DB7424600D5B0CC /* PBXContainerItemProxy */;
		};
/* End PBXTargetDependency section */

/* Begin XCBuildConfiguration section */
		2F9FF8312DB7424600D5B0CC /* Debug */ = {
			isa = XCBuildConfiguration;
			buildSettings = {
				ALWAYS_SEARCH_USER_PATHS = NO;
				ASSETCATALOG_COMPILER_GENERATE_SWIFT_ASSET_SYMBOL_EXTENSIONS = YES;
				CLANG_ANALYZER_NONNULL = YES;
				CLANG_ANALYZER_NUMBER_OBJECT_CONVERSION = YES_AGGRESSIVE;
				CLANG_CXX_LANGUAGE_STANDARD = "gnu++20";
				CLANG_ENABLE_MODULES = YES;
				CLANG_ENABLE_OBJC_ARC = YES;
				CLANG_ENABLE_OBJC_WEAK = YES;
				CLANG_WARN_BLOCK_CAPTURE_AUTORELEASING = YES;
				CLANG_WARN_BOOL_CONVERSION = YES;
				CLANG_WARN_COMMA = YES;
				CLANG_WARN_CONSTANT_CONVERSION = YES;
				CLANG_WARN_DEPRECATED_OBJC_IMPLEMENTATIONS = YES;
				CLANG_WARN_DIRECT_OBJC_ISA_USAGE = YES_ERROR;
				CLANG_WARN_DOCUMENTATION_COMMENTS = YES;
				CLANG_WARN_EMPTY_BODY = YES;
				CLANG_WARN_ENUM_CONVERSION = YES;
				CLANG_WARN_INFINITE_RECURSION = YES;
				CLANG_WARN_INT_CONVERSION = YES;
				CLANG_WARN_NON_LITERAL_NULL_CONVERSION = YES;
				CLANG_WARN_OBJC_IMPLICIT_RETAIN_SELF = YES;
				CLANG_WARN_OBJC_LITERAL_CONVERSION = YES;
				CLANG_WARN_OBJC_ROOT_CLASS = YES_ERROR;
				CLANG_WARN_QUOTED_INCLUDE_IN_FRAMEWORK_HEADER = YES;
				CLANG_WARN_RANGE_LOOP_ANALYSIS = YES;
				CLANG_WARN_STRICT_PROTOTYPES = YES;
				CLANG_WARN_SUSPICIOUS_MOVE = YES;
				CLANG_WARN_UNGUARDED_AVAILABILITY = YES_AGGRESSIVE;
				CLANG_WARN_UNREACHABLE_CODE = YES;
				CLANG_WARN__DUPLICATE_METHOD_MATCH = YES;
				COPY_PHASE_STRIP = NO;
				DEBUG_INFORMATION_FORMAT = dwarf;
				ENABLE_STRICT_OBJC_MSGSEND = YES;
				ENABLE_TESTABILITY = YES;
				ENABLE_USER_SCRIPT_SANDBOXING = YES;
				GCC_C_LANGUAGE_STANDARD = gnu17;
				GCC_DYNAMIC_NO_PIC = NO;
				GCC_NO_COMMON_BLOCKS = YES;
				GCC_OPTIMIZATION_LEVEL = 0;
				GCC_PREPROCESSOR_DEFINITIONS = (
					"DEBUG=1",
					"$(inherited)",
				);
				GCC_WARN_64_TO_32_BIT_CONVERSION = YES;
				GCC_WARN_ABOUT_RETURN_TYPE = YES_ERROR;
				GCC_WARN_UNDECLARED_SELECTOR = YES;
				GCC_WARN_UNINITIALIZED_AUTOS = YES_AGGRESSIVE;
				GCC_WARN_UNUSED_FUNCTION = YES;
				GCC_WARN_UNUSED_VARIABLE = YES;
				IPHONEOS_DEPLOYMENT_TARGET = 18.2;
				LOCALIZATION_PREFERS_STRING_CATALOGS = YES;
				MTL_ENABLE_DEBUG_INFO = INCLUDE_SOURCE;
				MTL_FAST_MATH = YES;
				ONLY_ACTIVE_ARCH = YES;
				SDKROOT = iphoneos;
				SWIFT_ACTIVE_COMPILATION_CONDITIONS = "DEBUG $(inherited)";
				SWIFT_OPTIMIZATION_LEVEL = "-Onone";
			};
			name = Debug;
		};
		2F9FF8322DB7424600D5B0CC /* Release */ = {
			isa = XCBuildConfiguration;
			buildSettings = {
				ALWAYS_SEARCH_USER_PATHS = NO;
				ASSETCATALOG_COMPILER_GENERATE_SWIFT_ASSET_SYMBOL_EXTENSIONS = YES;
				CLANG_ANALYZER_NONNULL = YES;
				CLANG_ANALYZER_NUMBER_OBJECT_CONVERSION = YES_AGGRESSIVE;
				CLANG_CXX_LANGUAGE_STANDARD = "gnu++20";
				CLANG_ENABLE_MODULES = YES;
				CLANG_ENABLE_OBJC_ARC = YES;
				CLANG_ENABLE_OBJC_WEAK = YES;
				CLANG_WARN_BLOCK_CAPTURE_AUTORELEASING = YES;
				CLANG_WARN_BOOL_CONVERSION = YES;
				CLANG_WARN_COMMA = YES;
				CLANG_WARN_CONSTANT_CONVERSION = YES;
				CLANG_WARN_DEPRECATED_OBJC_IMPLEMENTATIONS = YES;
				CLANG_WARN_DIRECT_OBJC_ISA_USAGE = YES_ERROR;
				CLANG_WARN_DOCUMENTATION_COMMENTS = YES;
				CLANG_WARN_EMPTY_BODY = YES;
				CLANG_WARN_ENUM_CONVERSION = YES;
				CLANG_WARN_INFINITE_RECURSION = YES;
				CLANG_WARN_INT_CONVERSION = YES;
				CLANG_WARN_NON_LITERAL_NULL_CONVERSION = YES;
				CLANG_WARN_OBJC_IMPLICIT_RETAIN_SELF = YES;
				CLANG_WARN_OBJC_LITERAL_CONVERSION = YES;
				CLANG_WARN_OBJC_ROOT_CLASS = YES_ERROR;
				CLANG_WARN_QUOTED_INCLUDE_IN_FRAMEWORK_HEADER = YES;
				CLANG_WARN_RANGE_LOOP_ANALYSIS = YES;
				CLANG_WARN_STRICT_PROTOTYPES = YES;
				CLANG_WARN_SUSPICIOUS_MOVE = YES;
				CLANG_WARN_UNGUARDED_AVAILABILITY = YES_AGGRESSIVE;
				CLANG_WARN_UNREACHABLE_CODE = YES;
				CLANG_WARN__DUPLICATE_METHOD_MATCH = YES;
				COPY_PHASE_STRIP = NO;
				DEBUG_INFORMATION_FORMAT = "dwarf-with-dsym";
				ENABLE_NS_ASSERTIONS = NO;
				ENABLE_STRICT_OBJC_MSGSEND = YES;
				ENABLE_USER_SCRIPT_SANDBOXING = YES;
				GCC_C_LANGUAGE_STANDARD = gnu17;
				GCC_NO_COMMON_BLOCKS = YES;
				GCC_WARN_64_TO_32_BIT_CONVERSION = YES;
				GCC_WARN_ABOUT_RETURN_TYPE = YES_ERROR;
				GCC_WARN_UNDECLARED_SELECTOR = YES;
				GCC_WARN_UNINITIALIZED_AUTOS = YES_AGGRESSIVE;
				GCC_WARN_UNUSED_FUNCTION = YES;
				GCC_WARN_UNUSED_VARIABLE = YES;
				IPHONEOS_DEPLOYMENT_TARGET = 18.2;
				LOCALIZATION_PREFERS_STRING_CATALOGS = YES;
				MTL_ENABLE_DEBUG_INFO = NO;
				MTL_FAST_MATH = YES;
				SDKROOT = iphoneos;
				SWIFT_COMPILATION_MODE = wholemodule;
				VALIDATE_PRODUCT = YES;
			};
			name = Release;
		};
		2F9FF8342DB7424600D5B0CC /* Debug */ = {
			isa = XCBuildConfiguration;
			buildSettings = {
				ASSETCATALOG_COMPILER_APPICON_NAME = AppIcon;
				ASSETCATALOG_COMPILER_GLOBAL_ACCENT_COLOR_NAME = AccentColor;
				CODE_SIGN_STYLE = Automatic;
				CURRENT_PROJECT_VERSION = 5;
				DEVELOPMENT_ASSET_PATHS = "\"SIGAI/Preview Content\"";
				DEVELOPMENT_TEAM = P565ZHBVQ4;
				ENABLE_PREVIEWS = YES;
				GENERATE_INFOPLIST_FILE = YES;
				INFOPLIST_FILE = SIGAI/Info.plist;
				INFOPLIST_KEY_UIApplicationSceneManifest_Generation = YES;
				INFOPLIST_KEY_UIApplicationSupportsIndirectInputEvents = YES;
				INFOPLIST_KEY_UILaunchScreen_Generation = YES;
				INFOPLIST_KEY_UISupportedInterfaceOrientations_iPad = "UIInterfaceOrientationPortrait UIInterfaceOrientationPortraitUpsideDown UIInterfaceOrientationLandscapeLeft UIInterfaceOrientationLandscapeRight";
				INFOPLIST_KEY_UISupportedInterfaceOrientations_iPhone = "UIInterfaceOrientationPortrait UIInterfaceOrientationLandscapeLeft UIInterfaceOrientationLandscapeRight";
				LD_RUNPATH_SEARCH_PATHS = (
					"$(inherited)",
					"@executable_path/Frameworks",
				);
				MARKETING_VERSION = 1.1.5;
				PRODUCT_BUNDLE_IDENTIFIER = com.ainal.SIGAI;
				PRODUCT_NAME = "$(TARGET_NAME)";
				SWIFT_EMIT_LOC_STRINGS = YES;
				SWIFT_VERSION = 5.0;
				TARGETED_DEVICE_FAMILY = "1,2";
			};
			name = Debug;
		};
		2F9FF8352DB7424600D5B0CC /* Release */ = {
			isa = XCBuildConfiguration;
			buildSettings = {
				ASSETCATALOG_COMPILER_APPICON_NAME = AppIcon;
				ASSETCATALOG_COMPILER_GLOBAL_ACCENT_COLOR_NAME = AccentColor;
				CODE_SIGN_STYLE = Automatic;
				CURRENT_PROJECT_VERSION = 5;
				DEVELOPMENT_ASSET_PATHS = "\"SIGAI/Preview Content\"";
				DEVELOPMENT_TEAM = P565ZHBVQ4;
				ENABLE_PREVIEWS = YES;
				GENERATE_INFOPLIST_FILE = YES;
				INFOPLIST_FILE = SIGAI/Info.plist;
				INFOPLIST_KEY_UIApplicationSceneManifest_Generation = YES;
				INFOPLIST_KEY_UIApplicationSupportsIndirectInputEvents = YES;
				INFOPLIST_KEY_UILaunchScreen_Generation = YES;
				INFOPLIST_KEY_UISupportedInterfaceOrientations_iPad = "UIInterfaceOrientationPortrait UIInterfaceOrientationPortraitUpsideDown UIInterfaceOrientationLandscapeLeft UIInterfaceOrientationLandscapeRight";
				INFOPLIST_KEY_UISupportedInterfaceOrientations_iPhone = "UIInterfaceOrientationPortrait UIInterfaceOrientationLandscapeLeft UIInterfaceOrientationLandscapeRight";
				LD_RUNPATH_SEARCH_PATHS = (
					"$(inherited)",
					"@executable_path/Frameworks",
				);
				MARKETING_VERSION = 1.1.5;
				PRODUCT_BUNDLE_IDENTIFIER = com.ainal.SIGAI;
				PRODUCT_NAME = "$(TARGET_NAME)";
				SWIFT_EMIT_LOC_STRINGS = YES;
				SWIFT_VERSION = 5.0;
				TARGETED_DEVICE_FAMILY = "1,2";
			};
			name = Release;
		};
		2F9FF8372DB7424600D5B0CC /* Debug */ = {
			isa = XCBuildConfiguration;
			buildSettings = {
				BUNDLE_LOADER = "$(TEST_HOST)";
				CODE_SIGN_STYLE = Automatic;
				CURRENT_PROJECT_VERSION = 1;
				DEVELOPMENT_TEAM = P565ZHBVQ4;
				GENERATE_INFOPLIST_FILE = YES;
				IPHONEOS_DEPLOYMENT_TARGET = 18.2;
				MARKETING_VERSION = 1.0;
				PRODUCT_BUNDLE_IDENTIFIER = com.ainal.SIGAITests;
				PRODUCT_NAME = "$(TARGET_NAME)";
				SWIFT_EMIT_LOC_STRINGS = NO;
				SWIFT_VERSION = 5.0;
				TARGETED_DEVICE_FAMILY = "1,2";
				TEST_HOST = "$(BUILT_PRODUCTS_DIR)/SIGAI.app/$(BUNDLE_EXECUTABLE_FOLDER_PATH)/SIGAI";
			};
			name = Debug;
		};
		2F9FF8382DB7424600D5B0CC /* Release */ = {
			isa = XCBuildConfiguration;
			buildSettings = {
				BUNDLE_LOADER = "$(TEST_HOST)";
				CODE_SIGN_STYLE = Automatic;
				CURRENT_PROJECT_VERSION = 1;
				DEVELOPMENT_TEAM = P565ZHBVQ4;
				GENERATE_INFOPLIST_FILE = YES;
				IPHONEOS_DEPLOYMENT_TARGET = 18.2;
				MARKETING_VERSION = 1.0;
				PRODUCT_BUNDLE_IDENTIFIER = com.ainal.SIGAITests;
				PRODUCT_NAME = "$(TARGET_NAME)";
				SWIFT_EMIT_LOC_STRINGS = NO;
				SWIFT_VERSION = 5.0;
				TARGETED_DEVICE_FAMILY = "1,2";
				TEST_HOST = "$(BUILT_PRODUCTS_DIR)/SIGAI.app/$(BUNDLE_EXECUTABLE_FOLDER_PATH)/SIGAI";
			};
			name = Release;
		};
		2F9FF83A2DB7424600D5B0CC /* Debug */ = {
			isa = XCBuildConfiguration;
			buildSettings = {
				CODE_SIGN_STYLE = Automatic;
				CURRENT_PROJECT_VERSION = 1;
				DEVELOPMENT_TEAM = P565ZHBVQ4;
				GENERATE_INFOPLIST_FILE = YES;
				MARKETING_VERSION = 1.0;
				PRODUCT_BUNDLE_IDENTIFIER = com.ainal.SIGAIUITests;
				PRODUCT_NAME = "$(TARGET_NAME)";
				SWIFT_EMIT_LOC_STRINGS = NO;
				SWIFT_VERSION = 5.0;
				TARGETED_DEVICE_FAMILY = "1,2";
				TEST_TARGET_NAME = SIGAI;
			};
			name = Debug;
		};
		2F9FF83B2DB7424600D5B0CC /* Release */ = {
			isa = XCBuildConfiguration;
			buildSettings = {
				CODE_SIGN_STYLE = Automatic;
				CURRENT_PROJECT_VERSION = 1;
				DEVELOPMENT_TEAM = P565ZHBVQ4;
				GENERATE_INFOPLIST_FILE = YES;
				MARKETING_VERSION = 1.0;
				PRODUCT_BUNDLE_IDENTIFIER = com.ainal.SIGAIUITests;
				PRODUCT_NAME = "$(TARGET_NAME)";
				SWIFT_EMIT_LOC_STRINGS = NO;
				SWIFT_VERSION = 5.0;
				TARGETED_DEVICE_FAMILY = "1,2";
				TEST_TARGET_NAME = SIGAI;
			};
			name = Release;
		};
/* End XCBuildConfiguration section */

/* Begin XCConfigurationList section */
		2F9FF80A2DB7424400D5B0CC /* Build configuration list for PBXProject "SIGAI" */ = {
			isa = XCConfigurationList;
			buildConfigurations = (
				2F9FF8312DB7424600D5B0CC /* Debug */,
				2F9FF8322DB7424600D5B0CC /* Release */,
			);
			defaultConfigurationIsVisible = 0;
			defaultConfigurationName = Release;
		};
		2F9FF8332DB7424600D5B0CC /* Build configuration list for PBXNativeTarget "SIGAI" */ = {
			isa = XCConfigurationList;
			buildConfigurations = (
				2F9FF8342DB7424600D5B0CC /* Debug */,
				2F9FF8352DB7424600D5B0CC /* Release */,
			);
			defaultConfigurationIsVisible = 0;
			defaultConfigurationName = Release;
		};
		2F9FF8362DB7424600D5B0CC /* Build configuration list for PBXNativeTarget "SIGAITests" */ = {
			isa = XCConfigurationList;
			buildConfigurations = (
				2F9FF8372DB7424600D5B0CC /* Debug */,
				2F9FF8382DB7424600D5B0CC /* Release */,
			);
			defaultConfigurationIsVisible = 0;
			defaultConfigurationName = Release;
		};
		2F9FF8392DB7424600D5B0CC /* Build configuration list for PBXNativeTarget "SIGAIUITests" */ = {
			isa = XCConfigurationList;
			buildConfigurations = (
				2F9FF83A2DB7424600D5B0CC /* Debug */,
				2F9FF83B2DB7424600D5B0CC /* Release */,
			);
			defaultConfigurationIsVisible = 0;
			defaultConfigurationName = Release;
		};
/* End XCConfigurationList section */

/* Begin XCRemoteSwiftPackageReference section */
		2F9FF8942DB7476700D5B0CC /* XCRemoteSwiftPackageReference "firebase-ios-sdk" */ = {
			isa = XCRemoteSwiftPackageReference;
			repositoryURL = "https://github.com/firebase/firebase-ios-sdk";
			requirement = {
				kind = upToNextMajorVersion;
				minimumVersion = 11.12.0;
			};
		};
		2FBBE7282DB75FBA00963477 /* XCRemoteSwiftPackageReference "swift-package-manager-google-mobile-ads" */ = {
			isa = XCRemoteSwiftPackageReference;
			repositoryURL = "https://github.com/googleads/swift-package-manager-google-mobile-ads";
			requirement = {
				kind = upToNextMajorVersion;
				minimumVersion = 12.3.0;
			};
		};
/* End XCRemoteSwiftPackageReference section */

/* Begin XCSwiftPackageProductDependency section */
		2F9FF8A12DB7483A00D5B0CC /* FirebaseCore */ = {
			isa = XCSwiftPackageProductDependency;
			package = 2F9FF8942DB7476700D5B0CC /* XCRemoteSwiftPackageReference "firebase-ios-sdk" */;
			productName = FirebaseCore;
		};
		2F9FF8A32DB748A900D5B0CC /* FirebaseAuth */ = {
			isa = XCSwiftPackageProductDependency;
			package = 2F9FF8942DB7476700D5B0CC /* XCRemoteSwiftPackageReference "firebase-ios-sdk" */;
			productName = FirebaseAuth;
		};
		2F9FF8A52DB748A900D5B0CC /* FirebaseDatabase */ = {
			isa = XCSwiftPackageProductDependency;
			package = 2F9FF8942DB7476700D5B0CC /* XCRemoteSwiftPackageReference "firebase-ios-sdk" */;
			productName = FirebaseDatabase;
		};
		2F9FF8A72DB748BD00D5B0CC /* FirebaseRemoteConfig */ = {
			isa = XCSwiftPackageProductDependency;
			package = 2F9FF8942DB7476700D5B0CC /* XCRemoteSwiftPackageReference "firebase-ios-sdk" */;
			productName = FirebaseRemoteConfig;
		};
		2FBBE7292DB75FBA00963477 /* GoogleMobileAds */ = {
			isa = XCSwiftPackageProductDependency;
			package = 2FBBE7282DB75FBA00963477 /* XCRemoteSwiftPackageReference "swift-package-manager-google-mobile-ads" */;
			productName = GoogleMobileAds;
		};
/* End XCSwiftPackageProductDependency section */
	};
	rootObject = 2F9FF8072DB7424400D5B0CC /* Project object */;
}
